
Microsoft Visual Studio Solution File, Format Version 12.00
# Visual Studio Version 17
VisualStudioVersion = 17.2.32519.379
MinimumVisualStudioVersion = 10.0.40219.1
Project("{FAE04EC0-301F-11D3-BF4B-00C04F79EFBC}") = "Camunda-api", "Camunda-api.csproj", "{C71957AF-B054-4EE0-9C82-8D1E4D73E948}"
EndProject
Global
	GlobalSection(SolutionConfigurationPlatforms) = preSolution
		Debug|Any CPU = Debug|Any CPU
		Release|Any CPU = Release|Any CPU
	EndGlobalSection
	GlobalSection(ProjectConfigurationPlatforms) = postSolution
		{C71957AF-B054-4EE0-9C82-8D1E4D73E948}.Debug|Any CPU.ActiveCfg = Debug|Any CPU
		{C71957AF-B054-4EE0-9C82-8D1E4D73E948}.Debug|Any CPU.Build.0 = Debug|Any CPU
		{C71957AF-B054-4EE0-9C82-8D1E4D73E948}.Release|Any CPU.ActiveCfg = Release|Any CPU
		{C71957AF-B054-4EE0-9C82-8D1E4D73E948}.Release|Any CPU.Build.0 = Release|Any CPU
	EndGlobalSection
	GlobalSection(SolutionProperties) = preSolution
		HideSolutionNode = FALSE
	EndGlobalSection
	GlobalSection(ExtensibilityGlobals) = postSolution
		SolutionGuid = {208A589B-BC29-4293-B384-675F31713A1E}
	EndGlobalSection
EndGlobal
